// !$*UTF8*$!
{
	archiveVersion = 1;
	classes = {
	};
	objectVersion = 56;
	objects = {

/* Begin PBXBuildFile section */
		F0208B572A8FC58300E18D5C /* MediaPlayerDetailView.swift in Sources */ = {isa = PBXBuildFile; fileRef = F0208B522A8FC58300E18D5C /* MediaPlayerDetailView.swift */; };
		F0208B582A8FC58300E18D5C /* QuickLookDetailView.swift in Sources */ = {isa = PBXBuildFile; fileRef = F0208B532A8FC58300E18D5C /* QuickLookDetailView.swift */; };
		F0208B592A8FC58300E18D5C /* MarginaliaView.swift in Sources */ = {isa = PBXBuildFile; fileRef = F0208B542A8FC58300E18D5C /* MarginaliaView.swift */; };
		F0208B5A2A8FC58300E18D5C /* WebDetailView.swift in Sources */ = {isa = PBXBuildFile; fileRef = F0208B552A8FC58300E18D5C /* WebDetailView.swift */; };
		F0208B5D2A8FC79A00E18D5C /* Marginalia.swift in Sources */ = {isa = PBXBuildFile; fileRef = F0208B5C2A8FC79A00E18D5C /* Marginalia.swift */; };
		F0208B5F2A8FCBCC00E18D5C /* Timekeeper.swift in Sources */ = {isa = PBXBuildFile; fileRef = F0208B5E2A8FCBCC00E18D5C /* Timekeeper.swift */; };
		F08A85AD2A8EE36800642370 /* Margins.swift in Sources */ = {isa = PBXBuildFile; fileRef = F08A85AC2A8EE36800642370 /* Margins.swift */; };
		F08A85AF2A8EE36800642370 /* ContentView.swift in Sources */ = {isa = PBXBuildFile; fileRef = F08A85AE2A8EE36800642370 /* ContentView.swift */; };
		F08A85B12A8EE36900642370 /* Assets.xcassets in Resources */ = {isa = PBXBuildFile; fileRef = F08A85B02A8EE36900642370 /* Assets.xcassets */; };
		F08A85B42A8EE36900642370 /* Preview Assets.xcassets in Resources */ = {isa = PBXBuildFile; fileRef = F08A85B32A8EE36900642370 /* Preview Assets.xcassets */; };
		F08A85BF2A8EE36900642370 /* MarginsTests.swift in Sources */ = {isa = PBXBuildFile; fileRef = F08A85BE2A8EE36900642370 /* MarginsTests.swift */; };
		F08A85C92A8EE36900642370 /* MarginsUITests.swift in Sources */ = {isa = PBXBuildFile; fileRef = F08A85C82A8EE36900642370 /* MarginsUITests.swift */; };
		F08A85CB2A8EE36900642370 /* MarginsUITestsLaunchTests.swift in Sources */ = {isa = PBXBuildFile; fileRef = F08A85CA2A8EE36900642370 /* MarginsUITestsLaunchTests.swift */; };
		F08A85D82A8EE3CB00642370 /* Info.plist in Resources */ = {isa = PBXBuildFile; fileRef = F08A85D72A8EE3CB00642370 /* Info.plist */; };
		F08A85DB2A8EEAC900642370 /* RichTextKit in Frameworks */ = {isa = PBXBuildFile; productRef = F08A85DA2A8EEAC900642370 /* RichTextKit */; };
		F08A85DD2A8EF37900642370 /* DetailView.swift in Sources */ = {isa = PBXBuildFile; fileRef = F08A85DC2A8EF37900642370 /* DetailView.swift */; };
		F08A85DF2A8EF44A00642370 /* MarginsDocument.swift in Sources */ = {isa = PBXBuildFile; fileRef = F08A85DE2A8EF44A00642370 /* MarginsDocument.swift */; };
/* End PBXBuildFile section */

/* Begin PBXContainerItemProxy section */
		F08A85BB2A8EE36900642370 /* PBXContainerItemProxy */ = {
			isa = PBXContainerItemProxy;
			containerPortal = F08A85A12A8EE36800642370 /* Project object */;
			proxyType = 1;
			remoteGlobalIDString = F08A85A82A8EE36800642370;
			remoteInfo = Margins;
		};
		F08A85C52A8EE36900642370 /* PBXContainerItemProxy */ = {
			isa = PBXContainerItemProxy;
			containerPortal = F08A85A12A8EE36800642370 /* Project object */;
			proxyType = 1;
			remoteGlobalIDString = F08A85A82A8EE36800642370;
			remoteInfo = Margins;
		};
/* End PBXContainerItemProxy section */

/* Begin PBXFileReference section */
		F0208B522A8FC58300E18D5C /* MediaPlayerDetailView.swift */ = {isa = PBXFileReference; fileEncoding = 4; lastKnownFileType = sourcecode.swift; path = MediaPlayerDetailView.swift; sourceTree = "<group>"; };
		F0208B532A8FC58300E18D5C /* QuickLookDetailView.swift */ = {isa = PBXFileReference; fileEncoding = 4; lastKnownFileType = sourcecode.swift; path = QuickLookDetailView.swift; sourceTree = "<group>"; };
		F0208B542A8FC58300E18D5C /* MarginaliaView.swift */ = {isa = PBXFileReference; fileEncoding = 4; lastKnownFileType = sourcecode.swift; path = MarginaliaView.swift; sourceTree = "<group>"; };
		F0208B552A8FC58300E18D5C /* WebDetailView.swift */ = {isa = PBXFileReference; fileEncoding = 4; lastKnownFileType = sourcecode.swift; path = WebDetailView.swift; sourceTree = "<group>"; };
		F0208B5C2A8FC79A00E18D5C /* Marginalia.swift */ = {isa = PBXFileReference; lastKnownFileType = sourcecode.swift; path = Marginalia.swift; sourceTree = "<group>"; };
		F0208B5E2A8FCBCC00E18D5C /* Timekeeper.swift */ = {isa = PBXFileReference; lastKnownFileType = sourcecode.swift; path = Timekeeper.swift; sourceTree = "<group>"; };
		F08A85A92A8EE36800642370 /* Margins.app */ = {isa = PBXFileReference; explicitFileType = wrapper.application; includeInIndex = 0; path = Margins.app; sourceTree = BUILT_PRODUCTS_DIR; };
		F08A85AC2A8EE36800642370 /* Margins.swift */ = {isa = PBXFileReference; lastKnownFileType = sourcecode.swift; path = Margins.swift; sourceTree = "<group>"; };
		F08A85AE2A8EE36800642370 /* ContentView.swift */ = {isa = PBXFileReference; lastKnownFileType = sourcecode.swift; path = ContentView.swift; sourceTree = "<group>"; };
		F08A85B02A8EE36900642370 /* Assets.xcassets */ = {isa = PBXFileReference; lastKnownFileType = folder.assetcatalog; path = Assets.xcassets; sourceTree = "<group>"; };
		F08A85B32A8EE36900642370 /* Preview Assets.xcassets */ = {isa = PBXFileReference; lastKnownFileType = folder.assetcatalog; path = "Preview Assets.xcassets"; sourceTree = "<group>"; };
		F08A85B52A8EE36900642370 /* Margins.entitlements */ = {isa = PBXFileReference; lastKnownFileType = text.plist.entitlements; path = Margins.entitlements; sourceTree = "<group>"; };
		F08A85BA2A8EE36900642370 /* MarginsTests.xctest */ = {isa = PBXFileReference; explicitFileType = wrapper.cfbundle; includeInIndex = 0; path = MarginsTests.xctest; sourceTree = BUILT_PRODUCTS_DIR; };
		F08A85BE2A8EE36900642370 /* MarginsTests.swift */ = {isa = PBXFileReference; lastKnownFileType = sourcecode.swift; path = MarginsTests.swift; sourceTree = "<group>"; };
		F08A85C42A8EE36900642370 /* MarginsUITests.xctest */ = {isa = PBXFileReference; explicitFileType = wrapper.cfbundle; includeInIndex = 0; path = MarginsUITests.xctest; sourceTree = BUILT_PRODUCTS_DIR; };
		F08A85C82A8EE36900642370 /* MarginsUITests.swift */ = {isa = PBXFileReference; lastKnownFileType = sourcecode.swift; path = MarginsUITests.swift; sourceTree = "<group>"; };
		F08A85CA2A8EE36900642370 /* MarginsUITestsLaunchTests.swift */ = {isa = PBXFileReference; lastKnownFileType = sourcecode.swift; path = MarginsUITestsLaunchTests.swift; sourceTree = "<group>"; };
		F08A85D72A8EE3CB00642370 /* Info.plist */ = {isa = PBXFileReference; lastKnownFileType = text.plist.xml; path = Info.plist; sourceTree = "<group>"; };
		F08A85DC2A8EF37900642370 /* DetailView.swift */ = {isa = PBXFileReference; lastKnownFileType = sourcecode.swift; path = DetailView.swift; sourceTree = "<group>"; };
		F08A85DE2A8EF44A00642370 /* MarginsDocument.swift */ = {isa = PBXFileReference; lastKnownFileType = sourcecode.swift; path = MarginsDocument.swift; sourceTree = "<group>"; };
/* End PBXFileReference section */

/* Begin PBXFrameworksBuildPhase section */
		F08A85A62A8EE36800642370 /* Frameworks */ = {
			isa = PBXFrameworksBuildPhase;
			buildActionMask = 2147483647;
			files = (
				F08A85DB2A8EEAC900642370 /* RichTextKit in Frameworks */,
			);
			runOnlyForDeploymentPostprocessing = 0;
		};
		F08A85B72A8EE36900642370 /* Frameworks */ = {
			isa = PBXFrameworksBuildPhase;
			buildActionMask = 2147483647;
			files = (
			);
			runOnlyForDeploymentPostprocessing = 0;
		};
		F08A85C12A8EE36900642370 /* Frameworks */ = {
			isa = PBXFrameworksBuildPhase;
			buildActionMask = 2147483647;
			files = (
			);
			runOnlyForDeploymentPostprocessing = 0;
		};
/* End PBXFrameworksBuildPhase section */

/* Begin PBXGroup section */
		F0208B4E2A8FC50100E18D5C /* Views */ = {
			isa = PBXGroup;
			children = (
				F08A85AE2A8EE36800642370 /* ContentView.swift */,
				F0208B502A8FC56800E18D5C /* Detail */,
				F0208B542A8FC58300E18D5C /* MarginaliaView.swift */,
			);
			path = Views;
			sourceTree = "<group>";
		};
		F0208B4F2A8FC52100E18D5C /* Types */ = {
			isa = PBXGroup;
			children = (
				F08A85DE2A8EF44A00642370 /* MarginsDocument.swift */,
			);
			path = Types;
			sourceTree = "<group>";
		};
		F0208B502A8FC56800E18D5C /* Detail */ = {
			isa = PBXGroup;
			children = (
				F08A85DC2A8EF37900642370 /* DetailView.swift */,
				F0208B522A8FC58300E18D5C /* MediaPlayerDetailView.swift */,
				F0208B532A8FC58300E18D5C /* QuickLookDetailView.swift */,
				F0208B552A8FC58300E18D5C /* WebDetailView.swift */,
			);
			path = Detail;
			sourceTree = "<group>";
		};
		F0208B5B2A8FC78900E18D5C /* Extensions */ = {
			isa = PBXGroup;
			children = (
				F0208B5C2A8FC79A00E18D5C /* Marginalia.swift */,
			);
			path = Extensions;
			sourceTree = "<group>";
		};
		F08A85A02A8EE36800642370 = {
			isa = PBXGroup;
			children = (
				F08A85AB2A8EE36800642370 /* Margins */,
				F08A85BD2A8EE36900642370 /* MarginsTests */,
				F08A85C72A8EE36900642370 /* MarginsUITests */,
				F08A85AA2A8EE36800642370 /* Products */,
			);
			sourceTree = "<group>";
		};
		F08A85AA2A8EE36800642370 /* Products */ = {
			isa = PBXGroup;
			children = (
				F08A85A92A8EE36800642370 /* Margins.app */,
				F08A85BA2A8EE36900642370 /* MarginsTests.xctest */,
				F08A85C42A8EE36900642370 /* MarginsUITests.xctest */,
			);
			name = Products;
			sourceTree = "<group>";
		};
		F08A85AB2A8EE36800642370 /* Margins */ = {
			isa = PBXGroup;
			children = (
				F08A85AC2A8EE36800642370 /* Margins.swift */,
				F08A85D72A8EE3CB00642370 /* Info.plist */,
				F0208B5E2A8FCBCC00E18D5C /* Timekeeper.swift */,
				F0208B5B2A8FC78900E18D5C /* Extensions */,
				F0208B4F2A8FC52100E18D5C /* Types */,
				F0208B4E2A8FC50100E18D5C /* Views */,
				F08A85B02A8EE36900642370 /* Assets.xcassets */,
				F08A85B52A8EE36900642370 /* Margins.entitlements */,
				F08A85B22A8EE36900642370 /* Preview Content */,
			);
			path = Margins;
			sourceTree = "<group>";
		};
		F08A85B22A8EE36900642370 /* Preview Content */ = {
			isa = PBXGroup;
			children = (
				F08A85B32A8EE36900642370 /* Preview Assets.xcassets */,
			);
			path = "Preview Content";
			sourceTree = "<group>";
		};
		F08A85BD2A8EE36900642370 /* MarginsTests */ = {
			isa = PBXGroup;
			children = (
				F08A85BE2A8EE36900642370 /* MarginsTests.swift */,
			);
			path = MarginsTests;
			sourceTree = "<group>";
		};
		F08A85C72A8EE36900642370 /* MarginsUITests */ = {
			isa = PBXGroup;
			children = (
				F08A85C82A8EE36900642370 /* MarginsUITests.swift */,
				F08A85CA2A8EE36900642370 /* MarginsUITestsLaunchTests.swift */,
			);
			path = MarginsUITests;
			sourceTree = "<group>";
		};
/* End PBXGroup section */

/* Begin PBXNativeTarget section */
		F08A85A82A8EE36800642370 /* Margins */ = {
			isa = PBXNativeTarget;
			buildConfigurationList = F08A85CE2A8EE36900642370 /* Build configuration list for PBXNativeTarget "Margins" */;
			buildPhases = (
				F08A85A52A8EE36800642370 /* Sources */,
				F08A85A62A8EE36800642370 /* Frameworks */,
				F08A85A72A8EE36800642370 /* Resources */,
			);
			buildRules = (
			);
			dependencies = (
			);
			name = Margins;
			packageProductDependencies = (
				F08A85DA2A8EEAC900642370 /* RichTextKit */,
			);
			productName = Margins;
			productReference = F08A85A92A8EE36800642370 /* Margins.app */;
			productType = "com.apple.product-type.application";
		};
		F08A85B92A8EE36900642370 /* MarginsTests */ = {
			isa = PBXNativeTarget;
			buildConfigurationList = F08A85D12A8EE36900642370 /* Build configuration list for PBXNativeTarget "MarginsTests" */;
			buildPhases = (
				F08A85B62A8EE36900642370 /* Sources */,
				F08A85B72A8EE36900642370 /* Frameworks */,
				F08A85B82A8EE36900642370 /* Resources */,
			);
			buildRules = (
			);
			dependencies = (
				F08A85BC2A8EE36900642370 /* PBXTargetDependency */,
			);
			name = MarginsTests;
			productName = MarginsTests;
			productReference = F08A85BA2A8EE36900642370 /* MarginsTests.xctest */;
			productType = "com.apple.product-type.bundle.unit-test";
		};
		F08A85C32A8EE36900642370 /* MarginsUITests */ = {
			isa = PBXNativeTarget;
			buildConfigurationList = F08A85D42A8EE36900642370 /* Build configuration list for PBXNativeTarget "MarginsUITests" */;
			buildPhases = (
				F08A85C02A8EE36900642370 /* Sources */,
				F08A85C12A8EE36900642370 /* Frameworks */,
				F08A85C22A8EE36900642370 /* Resources */,
			);
			buildRules = (
			);
			dependencies = (
				F08A85C62A8EE36900642370 /* PBXTargetDependency */,
			);
			name = MarginsUITests;
			productName = MarginsUITests;
			productReference = F08A85C42A8EE36900642370 /* MarginsUITests.xctest */;
			productType = "com.apple.product-type.bundle.ui-testing";
		};
/* End PBXNativeTarget section */

/* Begin PBXProject section */
		F08A85A12A8EE36800642370 /* Project object */ = {
			isa = PBXProject;
			attributes = {
				BuildIndependentTargetsInParallel = 1;
				LastSwiftUpdateCheck = 1430;
				LastUpgradeCheck = 1430;
				TargetAttributes = {
					F08A85A82A8EE36800642370 = {
						CreatedOnToolsVersion = 14.3.1;
					};
					F08A85B92A8EE36900642370 = {
						CreatedOnToolsVersion = 14.3.1;
						TestTargetID = F08A85A82A8EE36800642370;
					};
					F08A85C32A8EE36900642370 = {
						CreatedOnToolsVersion = 14.3.1;
						TestTargetID = F08A85A82A8EE36800642370;
					};
				};
			};
			buildConfigurationList = F08A85A42A8EE36800642370 /* Build configuration list for PBXProject "Margins" */;
			compatibilityVersion = "Xcode 14.0";
			developmentRegion = en;
			hasScannedForEncodings = 0;
			knownRegions = (
				en,
				Base,
			);
			mainGroup = F08A85A02A8EE36800642370;
			packageReferences = (
				F08A85D92A8EEAC900642370 /* XCRemoteSwiftPackageReference "RichTextKit" */,
			);
			productRefGroup = F08A85AA2A8EE36800642370 /* Products */;
			projectDirPath = "";
			projectRoot = "";
			targets = (
				F08A85A82A8EE36800642370 /* Margins */,
				F08A85B92A8EE36900642370 /* MarginsTests */,
				F08A85C32A8EE36900642370 /* MarginsUITests */,
			);
		};
/* End PBXProject section */

/* Begin PBXResourcesBuildPhase section */
		F08A85A72A8EE36800642370 /* Resources */ = {
			isa = PBXResourcesBuildPhase;
			buildActionMask = 2147483647;
			files = (
				F08A85B42A8EE36900642370 /* Preview Assets.xcassets in Resources */,
				F08A85B12A8EE36900642370 /* Assets.xcassets in Resources */,
				F08A85D82A8EE3CB00642370 /* Info.plist in Resources */,
			);
			runOnlyForDeploymentPostprocessing = 0;
		};
		F08A85B82A8EE36900642370 /* Resources */ = {
			isa = PBXResourcesBuildPhase;
			buildActionMask = 2147483647;
			files = (
			);
			runOnlyForDeploymentPostprocessing = 0;
		};
		F08A85C22A8EE36900642370 /* Resources */ = {
			isa = PBXResourcesBuildPhase;
			buildActionMask = 2147483647;
			files = (
			);
			runOnlyForDeploymentPostprocessing = 0;
		};
/* End PBXResourcesBuildPhase section */

/* Begin PBXSourcesBuildPhase section */
		F08A85A52A8EE36800642370 /* Sources */ = {
			isa = PBXSourcesBuildPhase;
			buildActionMask = 2147483647;
			files = (
				F08A85DD2A8EF37900642370 /* DetailView.swift in Sources */,
				F0208B5D2A8FC79A00E18D5C /* Marginalia.swift in Sources */,
				F0208B5F2A8FCBCC00E18D5C /* Timekeeper.swift in Sources */,
				F08A85DF2A8EF44A00642370 /* MarginsDocument.swift in Sources */,
				F0208B582A8FC58300E18D5C /* QuickLookDetailView.swift in Sources */,
				F08A85AF2A8EE36800642370 /* ContentView.swift in Sources */,
				F0208B572A8FC58300E18D5C /* MediaPlayerDetailView.swift in Sources */,
				F0208B5A2A8FC58300E18D5C /* WebDetailView.swift in Sources */,
				F08A85AD2A8EE36800642370 /* Margins.swift in Sources */,
				F0208B592A8FC58300E18D5C /* MarginaliaView.swift in Sources */,
			);
			runOnlyForDeploymentPostprocessing = 0;
		};
		F08A85B62A8EE36900642370 /* Sources */ = {
			isa = PBXSourcesBuildPhase;
			buildActionMask = 2147483647;
			files = (
				F08A85BF2A8EE36900642370 /* MarginsTests.swift in Sources */,
			);
			runOnlyForDeploymentPostprocessing = 0;
		};
		F08A85C02A8EE36900642370 /* Sources */ = {
			isa = PBXSourcesBuildPhase;
			buildActionMask = 2147483647;
			files = (
				F08A85CB2A8EE36900642370 /* MarginsUITestsLaunchTests.swift in Sources */,
				F08A85C92A8EE36900642370 /* MarginsUITests.swift in Sources */,
			);
			runOnlyForDeploymentPostprocessing = 0;
		};
/* End PBXSourcesBuildPhase section */

/* Begin PBXTargetDependency section */
		F08A85BC2A8EE36900642370 /* PBXTargetDependency */ = {
			isa = PBXTargetDependency;
			target = F08A85A82A8EE36800642370 /* Margins */;
			targetProxy = F08A85BB2A8EE36900642370 /* PBXContainerItemProxy */;
		};
		F08A85C62A8EE36900642370 /* PBXTargetDependency */ = {
			isa = PBXTargetDependency;
			target = F08A85A82A8EE36800642370 /* Margins */;
			targetProxy = F08A85C52A8EE36900642370 /* PBXContainerItemProxy */;
		};
/* End PBXTargetDependency section */

/* Begin XCBuildConfiguration section */
		F08A85CC2A8EE36900642370 /* Debug */ = {
			isa = XCBuildConfiguration;
			buildSettings = {
				ALWAYS_SEARCH_USER_PATHS = NO;
				CLANG_ANALYZER_NONNULL = YES;
				CLANG_ANALYZER_NUMBER_OBJECT_CONVERSION = YES_AGGRESSIVE;
				CLANG_CXX_LANGUAGE_STANDARD = "gnu++20";
				CLANG_ENABLE_MODULES = YES;
				CLANG_ENABLE_OBJC_ARC = YES;
				CLANG_ENABLE_OBJC_WEAK = YES;
				CLANG_WARN_BLOCK_CAPTURE_AUTORELEASING = YES;
				CLANG_WARN_BOOL_CONVERSION = YES;
				CLANG_WARN_COMMA = YES;
				CLANG_WARN_CONSTANT_CONVERSION = YES;
				CLANG_WARN_DEPRECATED_OBJC_IMPLEMENTATIONS = YES;
				CLANG_WARN_DIRECT_OBJC_ISA_USAGE = YES_ERROR;
				CLANG_WARN_DOCUMENTATION_COMMENTS = YES;
				CLANG_WARN_EMPTY_BODY = YES;
				CLANG_WARN_ENUM_CONVERSION = YES;
				CLANG_WARN_INFINITE_RECURSION = YES;
				CLANG_WARN_INT_CONVERSION = YES;
				CLANG_WARN_NON_LITERAL_NULL_CONVERSION = YES;
				CLANG_WARN_OBJC_IMPLICIT_RETAIN_SELF = YES;
				CLANG_WARN_OBJC_LITERAL_CONVERSION = YES;
				CLANG_WARN_OBJC_ROOT_CLASS = YES_ERROR;
				CLANG_WARN_QUOTED_INCLUDE_IN_FRAMEWORK_HEADER = YES;
				CLANG_WARN_RANGE_LOOP_ANALYSIS = YES;
				CLANG_WARN_STRICT_PROTOTYPES = YES;
				CLANG_WARN_SUSPICIOUS_MOVE = YES;
				CLANG_WARN_UNGUARDED_AVAILABILITY = YES_AGGRESSIVE;
				CLANG_WARN_UNREACHABLE_CODE = YES;
				CLANG_WARN__DUPLICATE_METHOD_MATCH = YES;
				COPY_PHASE_STRIP = NO;
				DEBUG_INFORMATION_FORMAT = dwarf;
				ENABLE_STRICT_OBJC_MSGSEND = YES;
				ENABLE_TESTABILITY = YES;
				GCC_C_LANGUAGE_STANDARD = gnu11;
				GCC_DYNAMIC_NO_PIC = NO;
				GCC_NO_COMMON_BLOCKS = YES;
				GCC_OPTIMIZATION_LEVEL = 0;
				GCC_PREPROCESSOR_DEFINITIONS = (
					"DEBUG=1",
					"$(inherited)",
				);
				GCC_WARN_64_TO_32_BIT_CONVERSION = YES;
				GCC_WARN_ABOUT_RETURN_TYPE = YES_ERROR;
				GCC_WARN_UNDECLARED_SELECTOR = YES;
				GCC_WARN_UNINITIALIZED_AUTOS = YES_AGGRESSIVE;
				GCC_WARN_UNUSED_FUNCTION = YES;
				GCC_WARN_UNUSED_VARIABLE = YES;
				MACOSX_DEPLOYMENT_TARGET = 13.3;
				MTL_ENABLE_DEBUG_INFO = INCLUDE_SOURCE;
				MTL_FAST_MATH = YES;
				ONLY_ACTIVE_ARCH = YES;
				SDKROOT = macosx;
				SWIFT_ACTIVE_COMPILATION_CONDITIONS = DEBUG;
				SWIFT_OPTIMIZATION_LEVEL = "-Onone";
			};
			name = Debug;
		};
		F08A85CD2A8EE36900642370 /* Release */ = {
			isa = XCBuildConfiguration;
			buildSettings = {
				ALWAYS_SEARCH_USER_PATHS = NO;
				CLANG_ANALYZER_NONNULL = YES;
				CLANG_ANALYZER_NUMBER_OBJECT_CONVERSION = YES_AGGRESSIVE;
				CLANG_CXX_LANGUAGE_STANDARD = "gnu++20";
				CLANG_ENABLE_MODULES = YES;
				CLANG_ENABLE_OBJC_ARC = YES;
				CLANG_ENABLE_OBJC_WEAK = YES;
				CLANG_WARN_BLOCK_CAPTURE_AUTORELEASING = YES;
				CLANG_WARN_BOOL_CONVERSION = YES;
				CLANG_WARN_COMMA = YES;
				CLANG_WARN_CONSTANT_CONVERSION = YES;
				CLANG_WARN_DEPRECATED_OBJC_IMPLEMENTATIONS = YES;
				CLANG_WARN_DIRECT_OBJC_ISA_USAGE = YES_ERROR;
				CLANG_WARN_DOCUMENTATION_COMMENTS = YES;
				CLANG_WARN_EMPTY_BODY = YES;
				CLANG_WARN_ENUM_CONVERSION = YES;
				CLANG_WARN_INFINITE_RECURSION = YES;
				CLANG_WARN_INT_CONVERSION = YES;
				CLANG_WARN_NON_LITERAL_NULL_CONVERSION = YES;
				CLANG_WARN_OBJC_IMPLICIT_RETAIN_SELF = YES;
				CLANG_WARN_OBJC_LITERAL_CONVERSION = YES;
				CLANG_WARN_OBJC_ROOT_CLASS = YES_ERROR;
				CLANG_WARN_QUOTED_INCLUDE_IN_FRAMEWORK_HEADER = YES;
				CLANG_WARN_RANGE_LOOP_ANALYSIS = YES;
				CLANG_WARN_STRICT_PROTOTYPES = YES;
				CLANG_WARN_SUSPICIOUS_MOVE = YES;
				CLANG_WARN_UNGUARDED_AVAILABILITY = YES_AGGRESSIVE;
				CLANG_WARN_UNREACHABLE_CODE = YES;
				CLANG_WARN__DUPLICATE_METHOD_MATCH = YES;
				COPY_PHASE_STRIP = NO;
				DEBUG_INFORMATION_FORMAT = "dwarf-with-dsym";
				ENABLE_NS_ASSERTIONS = NO;
				ENABLE_STRICT_OBJC_MSGSEND = YES;
				GCC_C_LANGUAGE_STANDARD = gnu11;
				GCC_NO_COMMON_BLOCKS = YES;
				GCC_WARN_64_TO_32_BIT_CONVERSION = YES;
				GCC_WARN_ABOUT_RETURN_TYPE = YES_ERROR;
				GCC_WARN_UNDECLARED_SELECTOR = YES;
				GCC_WARN_UNINITIALIZED_AUTOS = YES_AGGRESSIVE;
				GCC_WARN_UNUSED_FUNCTION = YES;
				GCC_WARN_UNUSED_VARIABLE = YES;
				MACOSX_DEPLOYMENT_TARGET = 13.3;
				MTL_ENABLE_DEBUG_INFO = NO;
				MTL_FAST_MATH = YES;
				SDKROOT = macosx;
				SWIFT_COMPILATION_MODE = wholemodule;
				SWIFT_OPTIMIZATION_LEVEL = "-O";
			};
			name = Release;
		};
		F08A85CF2A8EE36900642370 /* Debug */ = {
			isa = XCBuildConfiguration;
			buildSettings = {
				ASSETCATALOG_COMPILER_APPICON_NAME = AppIcon;
				ASSETCATALOG_COMPILER_GLOBAL_ACCENT_COLOR_NAME = AccentColor;
				CODE_SIGN_ENTITLEMENTS = Margins/Margins.entitlements;
				"CODE_SIGN_IDENTITY[sdk=macosx*]" = "Apple Development";
				CODE_SIGN_STYLE = Automatic;
				COMBINE_HIDPI_IMAGES = YES;
				CURRENT_PROJECT_VERSION = 1;
				DEVELOPMENT_ASSET_PATHS = "\"Margins/Preview Content\"";
				DEVELOPMENT_TEAM = R2MP6EU7T3;
				ENABLE_HARDENED_RUNTIME = NO;
				ENABLE_PREVIEWS = YES;
				GENERATE_INFOPLIST_FILE = YES;
				INFOPLIST_FILE = Margins/Info.plist;
				INFOPLIST_KEY_CFBundleDisplayName = Margins;
				INFOPLIST_KEY_LSApplicationCategoryType = "public.app-category.productivity";
				INFOPLIST_KEY_NSHumanReadableCopyright = "";
				LD_RUNPATH_SEARCH_PATHS = (
					"$(inherited)",
					"@executable_path/../Frameworks",
				);
				MARKETING_VERSION = 1.0;
				PRODUCT_BUNDLE_IDENTIFIER = party.chee.Margins;
				PRODUCT_NAME = "$(TARGET_NAME)";
				SWIFT_EMIT_LOC_STRINGS = YES;
				SWIFT_VERSION = 5.0;
			};
			name = Debug;
		};
		F08A85D02A8EE36900642370 /* Release */ = {
			isa = XCBuildConfiguration;
			buildSettings = {
				ASSETCATALOG_COMPILER_APPICON_NAME = AppIcon;
				ASSETCATALOG_COMPILER_GLOBAL_ACCENT_COLOR_NAME = AccentColor;
				CODE_SIGN_ENTITLEMENTS = Margins/Margins.entitlements;
				"CODE_SIGN_IDENTITY[sdk=macosx*]" = "Apple Development";
				CODE_SIGN_STYLE = Automatic;
				COMBINE_HIDPI_IMAGES = YES;
				CURRENT_PROJECT_VERSION = 1;
				DEVELOPMENT_ASSET_PATHS = "\"Margins/Preview Content\"";
				DEVELOPMENT_TEAM = R2MP6EU7T3;
				ENABLE_HARDENED_RUNTIME = NO;
				ENABLE_PREVIEWS = YES;
				GENERATE_INFOPLIST_FILE = YES;
				INFOPLIST_FILE = Margins/Info.plist;
				INFOPLIST_KEY_CFBundleDisplayName = Margins;
				INFOPLIST_KEY_LSApplicationCategoryType = "public.app-category.productivity";
				INFOPLIST_KEY_NSHumanReadableCopyright = "";
				LD_RUNPATH_SEARCH_PATHS = (
					"$(inherited)",
					"@executable_path/../Frameworks",
				);
				MARKETING_VERSION = 1.0;
				PRODUCT_BUNDLE_IDENTIFIER = party.chee.Margins;
				PRODUCT_NAME = "$(TARGET_NAME)";
				SWIFT_EMIT_LOC_STRINGS = YES;
				SWIFT_VERSION = 5.0;
			};
			name = Release;
		};
		F08A85D22A8EE36900642370 /* Debug */ = {
			isa = XCBuildConfiguration;
			buildSettings = {
				ALWAYS_EMBED_SWIFT_STANDARD_LIBRARIES = YES;
				BUNDLE_LOADER = "$(TEST_HOST)";
				CODE_SIGN_STYLE = Automatic;
				CURRENT_PROJECT_VERSION = 1;
				DEVELOPMENT_TEAM = R2MP6EU7T3;
				GENERATE_INFOPLIST_FILE = YES;
				MACOSX_DEPLOYMENT_TARGET = 13.3;
				MARKETING_VERSION = 1.0;
				PRODUCT_BUNDLE_IDENTIFIER = party.chee.MarginsTests;
				PRODUCT_NAME = "$(TARGET_NAME)";
				SWIFT_EMIT_LOC_STRINGS = NO;
				SWIFT_VERSION = 5.0;
				TEST_HOST = "$(BUILT_PRODUCTS_DIR)/Margins.app/$(BUNDLE_EXECUTABLE_FOLDER_PATH)/Margins";
			};
			name = Debug;
		};
		F08A85D32A8EE36900642370 /* Release */ = {
			isa = XCBuildConfiguration;
			buildSettings = {
				ALWAYS_EMBED_SWIFT_STANDARD_LIBRARIES = YES;
				BUNDLE_LOADER = "$(TEST_HOST)";
				CODE_SIGN_STYLE = Automatic;
				CURRENT_PROJECT_VERSION = 1;
				DEVELOPMENT_TEAM = R2MP6EU7T3;
				GENERATE_INFOPLIST_FILE = YES;
				MACOSX_DEPLOYMENT_TARGET = 13.3;
				MARKETING_VERSION = 1.0;
				PRODUCT_BUNDLE_IDENTIFIER = party.chee.MarginsTests;
				PRODUCT_NAME = "$(TARGET_NAME)";
				SWIFT_EMIT_LOC_STRINGS = NO;
				SWIFT_VERSION = 5.0;
				TEST_HOST = "$(BUILT_PRODUCTS_DIR)/Margins.app/$(BUNDLE_EXECUTABLE_FOLDER_PATH)/Margins";
			};
			name = Release;
		};
		F08A85D52A8EE36900642370 /* Debug */ = {
			isa = XCBuildConfiguration;
			buildSettings = {
				ALWAYS_EMBED_SWIFT_STANDARD_LIBRARIES = YES;
				CODE_SIGN_STYLE = Automatic;
				CURRENT_PROJECT_VERSION = 1;
				DEVELOPMENT_TEAM = R2MP6EU7T3;
				GENERATE_INFOPLIST_FILE = YES;
				MARKETING_VERSION = 1.0;
				PRODUCT_BUNDLE_IDENTIFIER = party.chee.MarginsUITests;
				PRODUCT_NAME = "$(TARGET_NAME)";
				SWIFT_EMIT_LOC_STRINGS = NO;
				SWIFT_VERSION = 5.0;
				TEST_TARGET_NAME = Margins;
			};
			name = Debug;
		};
		F08A85D62A8EE36900642370 /* Release */ = {
			isa = XCBuildConfiguration;
			buildSettings = {
				ALWAYS_EMBED_SWIFT_STANDARD_LIBRARIES = YES;
				CODE_SIGN_STYLE = Automatic;
				CURRENT_PROJECT_VERSION = 1;
				DEVELOPMENT_TEAM = R2MP6EU7T3;
				GENERATE_INFOPLIST_FILE = YES;
				MARKETING_VERSION = 1.0;
				PRODUCT_BUNDLE_IDENTIFIER = party.chee.MarginsUITests;
				PRODUCT_NAME = "$(TARGET_NAME)";
				SWIFT_EMIT_LOC_STRINGS = NO;
				SWIFT_VERSION = 5.0;
				TEST_TARGET_NAME = Margins;
			};
			name = Release;
		};
/* End XCBuildConfiguration section */

/* Begin XCConfigurationList section */
		F08A85A42A8EE36800642370 /* Build configuration list for PBXProject "Margins" */ = {
			isa = XCConfigurationList;
			buildConfigurations = (
				F08A85CC2A8EE36900642370 /* Debug */,
				F08A85CD2A8EE36900642370 /* Release */,
			);
			defaultConfigurationIsVisible = 0;
			defaultConfigurationName = Release;
		};
		F08A85CE2A8EE36900642370 /* Build configuration list for PBXNativeTarget "Margins" */ = {
			isa = XCConfigurationList;
			buildConfigurations = (
				F08A85CF2A8EE36900642370 /* Debug */,
				F08A85D02A8EE36900642370 /* Release */,
			);
			defaultConfigurationIsVisible = 0;
			defaultConfigurationName = Release;
		};
		F08A85D12A8EE36900642370 /* Build configuration list for PBXNativeTarget "MarginsTests" */ = {
			isa = XCConfigurationList;
			buildConfigurations = (
				F08A85D22A8EE36900642370 /* Debug */,
				F08A85D32A8EE36900642370 /* Release */,
			);
			defaultConfigurationIsVisible = 0;
			defaultConfigurationName = Release;
		};
		F08A85D42A8EE36900642370 /* Build configuration list for PBXNativeTarget "MarginsUITests" */ = {
			isa = XCConfigurationList;
			buildConfigurations = (
				F08A85D52A8EE36900642370 /* Debug */,
				F08A85D62A8EE36900642370 /* Release */,
			);
			defaultConfigurationIsVisible = 0;
			defaultConfigurationName = Release;
		};
/* End XCConfigurationList section */

/* Begin XCRemoteSwiftPackageReference section */
		F08A85D92A8EEAC900642370 /* XCRemoteSwiftPackageReference "RichTextKit" */ = {
			isa = XCRemoteSwiftPackageReference;
			repositoryURL = "https://github.com/danielsaidi/RichTextKit/";
			requirement = {
				kind = upToNextMajorVersion;
				minimumVersion = 0.7.2;
			};
		};
/* End XCRemoteSwiftPackageReference section */

/* Begin XCSwiftPackageProductDependency section */
		F08A85DA2A8EEAC900642370 /* RichTextKit */ = {
			isa = XCSwiftPackageProductDependency;
			package = F08A85D92A8EEAC900642370 /* XCRemoteSwiftPackageReference "RichTextKit" */;
			productName = RichTextKit;
		};
/* End XCSwiftPackageProductDependency section */
	};
	rootObject = F08A85A12A8EE36800642370 /* Project object */;
}
